
Microsoft Visual Studio Solution File, Format Version 12.00
# Visual Studio Version 17
VisualStudioVersion = 17.10.34928.147
MinimumVisualStudioVersion = 10.0.40219.1
Project("{FAE04EC0-301F-11D3-BF4B-00C04F79EFBC}") = "Copy_Bin", "Copy_Bin\Copy_Bin.csproj", "{62542C6B-AF1C-40AA-B4F3-8E393327F206}"
EndProject
Global
	GlobalSection(SolutionConfigurationPlatforms) = preSolution
		Debug|Any CPU = Debug|Any CPU
		Release|Any CPU = Release|Any CPU
	EndGlobalSection
	GlobalSection(ProjectConfigurationPlatforms) = postSolution
		{62542C6B-AF1C-40AA-B4F3-8E393327F206}.Debug|Any CPU.ActiveCfg = Debug|Any CPU
		{62542C6B-AF1C-40AA-B4F3-8E393327F206}.Debug|Any CPU.Build.0 = Debug|Any CPU
		{62542C6B-AF1C-40AA-B4F3-8E393327F206}.Release|Any CPU.ActiveCfg = Release|Any CPU
		{62542C6B-AF1C-40AA-B4F3-8E393327F206}.Release|Any CPU.Build.0 = Release|Any CPU
	EndGlobalSection
	GlobalSection(SolutionProperties) = preSolution
		HideSolutionNode = FALSE
	EndGlobalSection
	GlobalSection(ExtensibilityGlobals) = postSolution
		SolutionGuid = {FF61AA92-2D3E-4244-874B-BD0EF1705419}
	EndGlobalSection
EndGlobal
